# THIS IS AN AUTOGENERATED FILE. DO NOT EDIT THIS FILE DIRECTLY.
# yarn lockfile v1


redis-mock@^0.56.3:
  version "0.56.3"
  resolved "https://registry.yarnpkg.com/redis-mock/-/redis-mock-0.56.3.tgz#e96471bcc774ddc514c2fc49cdd03cab2baecd89"
  integrity sha512-ynaJhqk0Qf3Qajnwvy4aOjS4Mdf9IBkELWtjd+NYhpiqu4QCNq6Vf3Q7c++XRPGiKiwRj9HWr0crcwy7EiPjYQ==
